<?xml version="1.0" encoding="utf-8"?>
<Project ToolsVersion="4.0" xmlns="http://schemas.microsoft.com/developer/msbuild/2003">
  <ItemGroup>
    <ClCompile Include="MetaDLL.cpp">
      <Filter>MeaMod\MetaDLL</Filter>
    </ClCompile>
    <ClCompile Include="MetaEngine.cpp">
      <Filter>MeaMod\MetaEngine</Filter>
    </ClCompile>
    <ClCompile Include="MetaMod.cpp">
      <Filter>MeaMod\MetaMod</Filter>
    </ClCompile>
    <ClCompile Include="ReAPI.cpp">
      <Filter>ReAPI\ReAPI</Filter>
    </ClCompile>
    <ClCompile Include="ReGameDLL.cpp">
      <Filter>ReAPI\ReGameDLL</Filter>
    </ClCompile>
    <ClCompile Include="PugCurl.cpp">
      <Filter>PugMod\PugCurl</Filter>
    </ClCompile>
    <ClCompile Include="PugMod.cpp">
      <Filter>PugMod\PugMod</Filter>
    </ClCompile>
    <ClCompile Include="PugUtil.cpp">
      <Filter>PugMod\PugUtil</Filter>
    </ClCompile>
    <ClCompile Include="PugTask.cpp">
      <Filter>PugMod\PugTask</Filter>
    </ClCompile>
    <ClCompile Include="PugCvar.cpp">
      <Filter>PugMod\PugCvars</Filter>
    </ClCompile>
    <ClCompile Include="PugMenu.cpp">
      <Filter>PugMod\PugMenu</Filter>
    </ClCompile>
    <ClCompile Include="PugDeathmatch.cpp">
      <Filter>PugMod\PugDeathmatch</Filter>
    </ClCompile>
    <ClCompile Include="precompiled.cpp">
      <Filter>Precompiled</Filter>
    </ClCompile>
    <ClCompile Include="PugClientCmd.cpp">
      <Filter>PugMod\PugClientCmd</Filter>
    </ClCompile>
    <ClCompile Include="PugServerCmd.cpp">
      <Filter>PugMod\PugServerCmd</Filter>
    </ClCompile>
    <ClCompile Include="PugPlayer.cpp">
      <Filter>PugMod\PugPlayer</Filter>
    </ClCompile>
  </ItemGroup>
  <ItemGroup>
    <ClInclude Include="MetaDLL.h">
      <Filter>MeaMod\MetaDLL</Filter>
    </ClInclude>
    <ClInclude Include="MetaEngine.h">
      <Filter>MeaMod\MetaEngine</Filter>
    </ClInclude>
    <ClInclude Include="MetaMod.h">
      <Filter>MeaMod\MetaMod</Filter>
    </ClInclude>
    <ClInclude Include="ReAPI.h">
      <Filter>ReAPI\ReAPI</Filter>
    </ClInclude>
    <ClInclude Include="ReGameDLL.h">
      <Filter>ReAPI\ReGameDLL</Filter>
    </ClInclude>
    <ClInclude Include="PugCurl.h">
      <Filter>PugMod\PugCurl</Filter>
    </ClInclude>
    <ClInclude Include="PugMod.h">
      <Filter>PugMod\PugMod</Filter>
    </ClInclude>
    <ClInclude Include="PugUtil.h">
      <Filter>PugMod\PugUtil</Filter>
    </ClInclude>
    <ClInclude Include="PugTask.h">
      <Filter>PugMod\PugTask</Filter>
    </ClInclude>
    <ClInclude Include="PugCvar.h">
      <Filter>PugMod\PugCvars</Filter>
    </ClInclude>
    <ClInclude Include="PugMenu.h">
      <Filter>PugMod\PugMenu</Filter>
    </ClInclude>
    <ClInclude Include="PugDeathmatch.h">
      <Filter>PugMod\PugDeathmatch</Filter>
    </ClInclude>
    <ClInclude Include="precompiled.h">
      <Filter>Precompiled</Filter>
    </ClInclude>
    <ClInclude Include="PugClientCmd.h">
      <Filter>PugMod\PugClientCmd</Filter>
    </ClInclude>
    <ClInclude Include="PugServerCmd.h">
      <Filter>PugMod\PugServerCmd</Filter>
    </ClInclude>
    <ClInclude Include="PugPlayer.h">
      <Filter>PugMod\PugPlayer</Filter>
    </ClInclude>
  </ItemGroup>
  <ItemGroup>
    <Filter Include="PugMod">
      <UniqueIdentifier>{69f88ec9-5ec4-4d65-b9a3-06804fe06b03}</UniqueIdentifier>
    </Filter>
    <Filter Include="MeaMod">
      <UniqueIdentifier>{e35de177-cf02-44a8-a60b-f8e78cfec8e7}</UniqueIdentifier>
    </Filter>
    <Filter Include="ReAPI">
      <UniqueIdentifier>{aea590e2-23a2-4c24-94da-eaae125784f9}</UniqueIdentifier>
    </Filter>
    <Filter Include="MeaMod\MetaDLL">
      <UniqueIdentifier>{49ebf606-af40-4703-9c09-fd35f82490cc}</UniqueIdentifier>
    </Filter>
    <Filter Include="MeaMod\MetaEngine">
      <UniqueIdentifier>{756b899f-c02c-4bb8-90f3-fdaf43bf9668}</UniqueIdentifier>
    </Filter>
    <Filter Include="MeaMod\MetaMod">
      <UniqueIdentifier>{a9954dca-d681-4215-954b-d30ac9013702}</UniqueIdentifier>
    </Filter>
    <Filter Include="ReAPI\ReAPI">
      <UniqueIdentifier>{fe2ad5d8-3989-46d9-9ad4-51df04ac2520}</UniqueIdentifier>
    </Filter>
    <Filter Include="ReAPI\ReGameDLL">
      <UniqueIdentifier>{bd3a284f-7a90-48b8-8b45-93e88f40f19b}</UniqueIdentifier>
    </Filter>
    <Filter Include="PugMod\PugCurl">
      <UniqueIdentifier>{80defb46-71e2-44dc-8bf5-01cdd5fe5dae}</UniqueIdentifier>
    </Filter>
    <Filter Include="PugMod\PugMod">
      <UniqueIdentifier>{f1db98bb-8521-417d-8372-effe61776169}</UniqueIdentifier>
    </Filter>
    <Filter Include="PugMod\PugUtil">
      <UniqueIdentifier>{b93afc21-2ea4-4cff-a3d4-18d1f5b8ec06}</UniqueIdentifier>
    </Filter>
    <Filter Include="PugMod\PugTask">
      <UniqueIdentifier>{befb0be6-27b7-4731-a65e-f010770cdc02}</UniqueIdentifier>
    </Filter>
    <Filter Include="PugMod\PugWarmup">
      <UniqueIdentifier>{ff847c80-72a5-486e-ad64-135106813cfe}</UniqueIdentifier>
    </Filter>
    <Filter Include="PugMod\PugCvars">
      <UniqueIdentifier>{f07941e2-705b-4b8d-88a3-f5f80a97c627}</UniqueIdentifier>
    </Filter>
    <Filter Include="PugMod\PugDeathmatch">
      <UniqueIdentifier>{b999064e-7a95-4a2d-bb25-a12167598fa8}</UniqueIdentifier>
    </Filter>
    <Filter Include="PugMod\PugMenu">
      <UniqueIdentifier>{453e913d-f469-4b89-b562-38b2c79a9519}</UniqueIdentifier>
    </Filter>
    <Filter Include="Precompiled">
      <UniqueIdentifier>{3d0104c2-0d00-4861-8ac8-066fc0103cae}</UniqueIdentifier>
    </Filter>
    <Filter Include="PugMod\PugClientCmd">
      <UniqueIdentifier>{a3fb0c50-2170-42f3-8433-aa56f07d43c5}</UniqueIdentifier>
    </Filter>
    <Filter Include="PugMod\PugServerCmd">
      <UniqueIdentifier>{dd9401ac-913f-4a5f-8eac-fa91f2f394fa}</UniqueIdentifier>
    </Filter>
    <Filter Include="PugMod\PugPlayer">
      <UniqueIdentifier>{12f5c259-4a15-4f80-baf7-e1bf5bd55bdc}</UniqueIdentifier>
    </Filter>
  </ItemGroup>
  <ItemGroup>
    <None Include="PugMod.def">
      <Filter>PugMod\PugMod</Filter>
    </None>
  </ItemGroup>
</Project>